
Microsoft Visual Studio Solution File, Format Version 12.00
# Visual Studio Version 16
VisualStudioVersion = 16.0.31313.79
MinimumVisualStudioVersion = 10.0.40219.1
Project("{FAE04EC0-301F-11D3-BF4B-00C04F79EFBC}") = "ArbolesGenerales", "ArbolesGenerales\ArbolesGenerales.csproj", "{FC2AD767-B2B5-4ED6-9924-10B2241D731D}"
EndProject
Global
	GlobalSection(SolutionConfigurationPlatforms) = preSolution
		Debug|Any CPU = Debug|Any CPU
		Release|Any CPU = Release|Any CPU
	EndGlobalSection
	GlobalSection(ProjectConfigurationPlatforms) = postSolution
		{FC2AD767-B2B5-4ED6-9924-10B2241D731D}.Debug|Any CPU.ActiveCfg = Debug|Any CPU
		{FC2AD767-B2B5-4ED6-9924-10B2241D731D}.Debug|Any CPU.Build.0 = Debug|Any CPU
		{FC2AD767-B2B5-4ED6-9924-10B2241D731D}.Release|Any CPU.ActiveCfg = Release|Any CPU
		{FC2AD767-B2B5-4ED6-9924-10B2241D731D}.Release|Any CPU.Build.0 = Release|Any CPU
	EndGlobalSection
	GlobalSection(SolutionProperties) = preSolution
		HideSolutionNode = FALSE
	EndGlobalSection
	GlobalSection(ExtensibilityGlobals) = postSolution
		SolutionGuid = {7647A231-957D-472F-950E-E2CEA9F7207F}
	EndGlobalSection
EndGlobal
